lockfileVersion: '9.0'

settings:
  autoInstallPeers: true
  excludeLinksFromLockfile: false

importers:

  .:
    dependencies:
      http-status:
        specifier: ^2.1.0
        version: 2.1.0

packages:

  http-status@2.1.0:
    resolution: {integrity: sha512-O5kPr7AW7wYd/BBiOezTwnVAnmSNFY+J7hlZD2X5IOxVBetjcHAiTXhzj0gMrnojQlwy+UT1/Y3H3vJ3UlmvLA==}
    engines: {node: '>= 0.4.0'}

snapshots:

  http-status@2.1.0: {}
